// !$*UTF8*$!
{
	archiveVersion = 1;
	classes = {
	};
	objectVersion = 46;
	objects = {

/* Begin PBXBuildFile section */
		B84360B91CAD8C970046D4A9 /* AppDelegate.swift in Sources */ = {isa = PBXBuildFile; fileRef = B84360B81CAD8C970046D4A9 /* AppDelegate.swift */; };
		B84360BB1CAD8C970046D4A9 /* ViewController.swift in Sources */ = {isa = PBXBuildFile; fileRef = B84360BA1CAD8C970046D4A9 /* ViewController.swift */; };
		B84360BE1CAD8C970046D4A9 /* Main.storyboard in Resources */ = {isa = PBXBuildFile; fileRef = B84360BC1CAD8C970046D4A9 /* Main.storyboard */; };
		B84360C01CAD8C970046D4A9 /* Assets.xcassets in Resources */ = {isa = PBXBuildFile; fileRef = B84360BF1CAD8C970046D4A9 /* Assets.xcassets */; };
		B84360C81CAD8F6D0046D4A9 /* circle.png in Resources */ = {isa = PBXBuildFile; fileRef = B84360C71CAD8F6D0046D4A9 /* circle.png */; };
/* End PBXBuildFile section */

/* Begin PBXFileReference section */
		B84360B51CAD8C970046D4A9 /* Tuts8Ball.app */ = {isa = PBXFileReference; explicitFileType = wrapper.application; includeInIndex = 0; path = Tuts8Ball.app; sourceTree = BUILT_PRODUCTS_DIR; };
		B84360B81CAD8C970046D4A9 /* AppDelegate.swift */ = {isa = PBXFileReference; lastKnownFileType = sourcecode.swift; path = AppDelegate.swift; sourceTree = "<group>"; };
		B84360BA1CAD8C970046D4A9 /* ViewController.swift */ = {isa = PBXFileReference; lastKnownFileType = sourcecode.swift; path = ViewController.swift; sourceTree = "<group>"; };
		B84360BD1CAD8C970046D4A9 /* Base */ = {isa = PBXFileReference; lastKnownFileType = file.storyboard; name = Base; path = Base.lproj/Main.storyboard; sourceTree = "<group>"; };
		B84360BF1CAD8C970046D4A9 /* Assets.xcassets */ = {isa = PBXFileReference; lastKnownFileType = folder.assetcatalog; path = Assets.xcassets; sourceTree = "<group>"; };
		B84360C11CAD8C970046D4A9 /* Info.plist */ = {isa = PBXFileReference; lastKnownFileType = text.plist.xml; path = Info.plist; sourceTree = "<group>"; };
		B84360C71CAD8F6D0046D4A9 /* circle.png */ = {isa = PBXFileReference; lastKnownFileType = image.png; path = circle.png; sourceTree = "<group>"; };
/* End PBXFileReference section */

/* Begin PBXFrameworksBuildPhase section */
		B84360B21CAD8C970046D4A9 /* Frameworks */ = {
			isa = PBXFrameworksBuildPhase;
			buildActionMask = 2147483647;
			files = (
			);
			runOnlyForDeploymentPostprocessing = 0;
		};
/* End PBXFrameworksBuildPhase section */

/* Begin PBXGroup section */
		B84360AC1CAD8C970046D4A9 = {
			isa = PBXGroup;
			children = (
				B84360B71CAD8C970046D4A9 /* Tuts8Ball */,
				B84360B61CAD8C970046D4A9 /* Products */,
			);
			sourceTree = "<group>";
		};
		B84360B61CAD8C970046D4A9 /* Products */ = {
			isa = PBXGroup;
			children = (
				B84360B51CAD8C970046D4A9 /* Tuts8Ball.app */,
			);
			name = Products;
			sourceTree = "<group>";
		};
		B84360B71CAD8C970046D4A9 /* Tuts8Ball */ = {
			isa = PBXGroup;
			children = (
				B84360B81CAD8C970046D4A9 /* AppDelegate.swift */,
				B84360BA1CAD8C970046D4A9 /* ViewController.swift */,
				B84360BC1CAD8C970046D4A9 /* Main.storyboard */,
				B84360BF1CAD8C970046D4A9 /* Assets.xcassets */,
				B84360C71CAD8F6D0046D4A9 /* circle.png */,
				B84360C11CAD8C970046D4A9 /* Info.plist */,
			);
			path = Tuts8Ball;
			sourceTree = "<group>";
		};
/* End PBXGroup section */

/* Begin PBXNativeTarget section */
		B84360B41CAD8C970046D4A9 /* Tuts8Ball */ = {
			isa = PBXNativeTarget;
			buildConfigurationList = B84360C41CAD8C970046D4A9 /* Build configuration list for PBXNativeTarget "Tuts8Ball" */;
			buildPhases = (
				B84360B11CAD8C970046D4A9 /* Sources */,
				B84360B21CAD8C970046D4A9 /* Frameworks */,
				B84360B31CAD8C970046D4A9 /* Resources */,
			);
			buildRules = (
			);
			dependencies = (
			);
			name = Tuts8Ball;
			productName = Tuts8Ball;
			productReference = B84360B51CAD8C970046D4A9 /* Tuts8Ball.app */;
			productType = "com.apple.product-type.application";
		};
/* End PBXNativeTarget section */

/* Begin PBXProject section */
		B84360AD1CAD8C970046D4A9 /* Project object */ = {
			isa = PBXProject;
			attributes = {
				LastSwiftUpdateCheck = 0730;
				LastUpgradeCheck = 0730;
				ORGANIZATIONNAME = "Kreative Dimensions, Inc.";
				TargetAttributes = {
					B84360B41CAD8C970046D4A9 = {
						CreatedOnToolsVersion = 7.3;
						DevelopmentTeam = VYY927A2CE;
					};
				};
			};
			buildConfigurationList = B84360B01CAD8C970046D4A9 /* Build configuration list for PBXProject "Tuts8Ball" */;
			compatibilityVersion = "Xcode 3.2";
			developmentRegion = English;
			hasScannedForEncodings = 0;
			knownRegions = (
				en,
				Base,
			);
			mainGroup = B84360AC1CAD8C970046D4A9;
			productRefGroup = B84360B61CAD8C970046D4A9 /* Products */;
			projectDirPath = "";
			projectRoot = "";
			targets = (
				B84360B41CAD8C970046D4A9 /* Tuts8Ball */,
			);
		};
/* End PBXProject section */

/* Begin PBXResourcesBuildPhase section */
		B84360B31CAD8C970046D4A9 /* Resources */ = {
			isa = PBXResourcesBuildPhase;
			buildActionMask = 2147483647;
			files = (
				B84360C81CAD8F6D0046D4A9 /* circle.png in Resources */,
				B84360C01CAD8C970046D4A9 /* Assets.xcassets in Resources */,
				B84360BE1CAD8C970046D4A9 /* Main.storyboard in Resources */,
			);
			runOnlyForDeploymentPostprocessing = 0;
		};
/* End PBXResourcesBuildPhase section */

/* Begin PBXSourcesBuildPhase section */
		B84360B11CAD8C970046D4A9 /* Sources */ = {
			isa = PBXSourcesBuildPhase;
			buildActionMask = 2147483647;
			files = (
				B84360BB1CAD8C970046D4A9 /* ViewController.swift in Sources */,
				B84360B91CAD8C970046D4A9 /* AppDelegate.swift in Sources */,
			);
			runOnlyForDeploymentPostprocessing = 0;
		};
/* End PBXSourcesBuildPhase section */

/* Begin PBXVariantGroup section */
		B84360BC1CAD8C970046D4A9 /* Main.storyboard */ = {
			isa = PBXVariantGroup;
			children = (
				B84360BD1CAD8C970046D4A9 /* Base */,
			);
			name = Main.storyboard;
			sourceTree = "<group>";
		};
/* End PBXVariantGroup section */

/* Begin XCBuildConfiguration section */
		B84360C21CAD8C970046D4A9 /* Debug */ = {
			isa = XCBuildConfiguration;
			buildSettings = {
				ALWAYS_SEARCH_USER_PATHS = NO;
				CLANG_ANALYZER_NONNULL = YES;
				CLANG_CXX_LANGUAGE_STANDARD = "gnu++0x";
				CLANG_CXX_LIBRARY = "libc++";
				CLANG_ENABLE_MODULES = YES;
				CLANG_ENABLE_OBJC_ARC = YES;
				CLANG_WARN_BOOL_CONVERSION = YES;
				CLANG_WARN_CONSTANT_CONVERSION = YES;
				CLANG_WARN_DIRECT_OBJC_ISA_USAGE = YES_ERROR;
				CLANG_WARN_EMPTY_BODY = YES;
				CLANG_WARN_ENUM_CONVERSION = YES;
				CLANG_WARN_INT_CONVERSION = YES;
				CLANG_WARN_OBJC_ROOT_CLASS = YES_ERROR;
				CLANG_WARN_UNREACHABLE_CODE = YES;
				CLANG_WARN__DUPLICATE_METHOD_MATCH = YES;
				COPY_PHASE_STRIP = NO;
				DEBUG_INFORMATION_FORMAT = dwarf;
				ENABLE_STRICT_OBJC_MSGSEND = YES;
				ENABLE_TESTABILITY = YES;
				GCC_C_LANGUAGE_STANDARD = gnu99;
				GCC_DYNAMIC_NO_PIC = NO;
				GCC_NO_COMMON_BLOCKS = YES;
				GCC_OPTIMIZATION_LEVEL = 0;
				GCC_PREPROCESSOR_DEFINITIONS = (
					"DEBUG=1",
					"$(inherited)",
				);
				GCC_WARN_64_TO_32_BIT_CONVERSION = YES;
				GCC_WARN_ABOUT_RETURN_TYPE = YES_ERROR;
				GCC_WARN_UNDECLARED_SELECTOR = YES;
				GCC_WARN_UNINITIALIZED_AUTOS = YES_AGGRESSIVE;
				GCC_WARN_UNUSED_FUNCTION = YES;
				GCC_WARN_UNUSED_VARIABLE = YES;
				MTL_ENABLE_DEBUG_INFO = YES;
				ONLY_ACTIVE_ARCH = YES;
				SDKROOT = appletvos;
				SWIFT_OPTIMIZATION_LEVEL = "-Onone";
				TARGETED_DEVICE_FAMILY = 3;
				TVOS_DEPLOYMENT_TARGET = 9.2;
			};
			name = Debug;
		};
		B84360C31CAD8C970046D4A9 /* Release */ = {
			isa = XCBuildConfiguration;
			buildSettings = {
				ALWAYS_SEARCH_USER_PATHS = NO;
				CLANG_ANALYZER_NONNULL = YES;
				CLANG_CXX_LANGUAGE_STANDARD = "gnu++0x";
				CLANG_CXX_LIBRARY = "libc++";
				CLANG_ENABLE_MODULES = YES;
				CLANG_ENABLE_OBJC_ARC = YES;
				CLANG_WARN_BOOL_CONVERSION = YES;
				CLANG_WARN_CONSTANT_CONVERSION = YES;
				CLANG_WARN_DIRECT_OBJC_ISA_USAGE = YES_ERROR;
				CLANG_WARN_EMPTY_BODY = YES;
				CLANG_WARN_ENUM_CONVERSION = YES;
				CLANG_WARN_INT_CONVERSION = YES;
				CLANG_WARN_OBJC_ROOT_CLASS = YES_ERROR;
				CLANG_WARN_UNREACHABLE_CODE = YES;
				CLANG_WARN__DUPLICATE_METHOD_MATCH = YES;
				COPY_PHASE_STRIP = NO;
				DEBUG_INFORMATION_FORMAT = "dwarf-with-dsym";
				ENABLE_NS_ASSERTIONS = NO;
				ENABLE_STRICT_OBJC_MSGSEND = YES;
				GCC_C_LANGUAGE_STANDARD = gnu99;
				GCC_NO_COMMON_BLOCKS = YES;
				GCC_WARN_64_TO_32_BIT_CONVERSION = YES;
				GCC_WARN_ABOUT_RETURN_TYPE = YES_ERROR;
				GCC_WARN_UNDECLARED_SELECTOR = YES;
				GCC_WARN_UNINITIALIZED_AUTOS = YES_AGGRESSIVE;
				GCC_WARN_UNUSED_FUNCTION = YES;
				GCC_WARN_UNUSED_VARIABLE = YES;
				MTL_ENABLE_DEBUG_INFO = NO;
				SDKROOT = appletvos;
				TARGETED_DEVICE_FAMILY = 3;
				TVOS_DEPLOYMENT_TARGET = 9.2;
				VALIDATE_PRODUCT = YES;
			};
			name = Release;
		};
		B84360C51CAD8C970046D4A9 /* Debug */ = {
			isa = XCBuildConfiguration;
			buildSettings = {
				ASSETCATALOG_COMPILER_APPICON_NAME = "App Icon & Top Shelf Image";
				ASSETCATALOG_COMPILER_LAUNCHIMAGE_NAME = LaunchImage;
				INFOPLIST_FILE = Tuts8Ball/Info.plist;
				LD_RUNPATH_SEARCH_PATHS = "$(inherited) @executable_path/Frameworks";
				PRODUCT_BUNDLE_IDENTIFIER = com.kreatived.Tuts8Ball;
				PRODUCT_NAME = "$(TARGET_NAME)";
			};
			name = Debug;
		};
		B84360C61CAD8C970046D4A9 /* Release */ = {
			isa = XCBuildConfiguration;
			buildSettings = {
				ASSETCATALOG_COMPILER_APPICON_NAME = "App Icon & Top Shelf Image";
				ASSETCATALOG_COMPILER_LAUNCHIMAGE_NAME = LaunchImage;
				INFOPLIST_FILE = Tuts8Ball/Info.plist;
				LD_RUNPATH_SEARCH_PATHS = "$(inherited) @executable_path/Frameworks";
				PRODUCT_BUNDLE_IDENTIFIER = com.kreatived.Tuts8Ball;
				PRODUCT_NAME = "$(TARGET_NAME)";
			};
			name = Release;
		};
/* End XCBuildConfiguration section */

/* Begin XCConfigurationList section */
		B84360B01CAD8C970046D4A9 /* Build configuration list for PBXProject "Tuts8Ball" */ = {
			isa = XCConfigurationList;
			buildConfigurations = (
				B84360C21CAD8C970046D4A9 /* Debug */,
				B84360C31CAD8C970046D4A9 /* Release */,
			);
			defaultConfigurationIsVisible = 0;
			defaultConfigurationName = Release;
		};
		B84360C41CAD8C970046D4A9 /* Build configuration list for PBXNativeTarget "Tuts8Ball" */ = {
			isa = XCConfigurationList;
			buildConfigurations = (
				B84360C51CAD8C970046D4A9 /* Debug */,
				B84360C61CAD8C970046D4A9 /* Release */,
			);
			defaultConfigurationIsVisible = 0;
		};
/* End XCConfigurationList section */
	};
	rootObject = B84360AD1CAD8C970046D4A9 /* Project object */;
}
